
Microsoft Visual Studio Solution File, Format Version 12.00
# Visual Studio Version 17
VisualStudioVersion = 17.0.31903.59
MinimumVisualStudioVersion = 10.0.40219.1
Project("{9A19103F-16F7-4668-BE54-9A1E7A4F7556}") = "WebAppTest", "WebAppTest\WebAppTest.csproj", "{6C34C30F-5968-448E-BF75-74E59D4F40E7}"
EndProject
Project("{9A19103F-16F7-4668-BE54-9A1E7A4F7556}") = "SendMessageClient", "SendMessageClient\SendMessageClient.csproj", "{2B060602-4923-4AA1-A9D9-49930261DB22}"
EndProject
Global
	GlobalSection(SolutionConfigurationPlatforms) = preSolution
		Debug|Any CPU = Debug|Any CPU
		Release|Any CPU = Release|Any CPU
	EndGlobalSection
	GlobalSection(ProjectConfigurationPlatforms) = postSolution
		{6C34C30F-5968-448E-BF75-74E59D4F40E7}.Debug|Any CPU.ActiveCfg = Debug|Any CPU
		{6C34C30F-5968-448E-BF75-74E59D4F40E7}.Debug|Any CPU.Build.0 = Debug|Any CPU
		{6C34C30F-5968-448E-BF75-74E59D4F40E7}.Release|Any CPU.ActiveCfg = Release|Any CPU
		{6C34C30F-5968-448E-BF75-74E59D4F40E7}.Release|Any CPU.Build.0 = Release|Any CPU
		{2B060602-4923-4AA1-A9D9-49930261DB22}.Debug|Any CPU.ActiveCfg = Debug|Any CPU
		{2B060602-4923-4AA1-A9D9-49930261DB22}.Debug|Any CPU.Build.0 = Debug|Any CPU
		{2B060602-4923-4AA1-A9D9-49930261DB22}.Release|Any CPU.ActiveCfg = Release|Any CPU
		{2B060602-4923-4AA1-A9D9-49930261DB22}.Release|Any CPU.Build.0 = Release|Any CPU
	EndGlobalSection
	GlobalSection(SolutionProperties) = preSolution
		HideSolutionNode = FALSE
	EndGlobalSection
	GlobalSection(ExtensibilityGlobals) = postSolution
		SolutionGuid = {54EA9625-DD9F-46A7-AC26-E7655B91A78A}
	EndGlobalSection
EndGlobal
